{
  "lockfile_version": "1",
  "packages": {
    "bashInteractive@latest": {
      "last_modified": "2024-08-14T02:42:29Z",
      "resolved": "github:NixOS/nixpkgs/daf7bb95821b789db24fc1ac21f613db0c1bf2cb#bashInteractive",
      "source": "devbox-search",
      "version": "5.2p26",
      "systems": {
        "aarch64-darwin": {
          "outputs": [
            {
              "name": "out",
              "path": "/nix/store/cmr9r8abam7njcwk2fglmal7db3wjav2-bash-interactive-5.2p26",
              "default": true
            },
            {
              "name": "man",
              "path": "/nix/store/7if8pshyrxdqhc7aj1fgxivc3dr4fy61-bash-interactive-5.2p26-man",
              "default": true
            },
            {
              "name": "info",
              "path": "/nix/store/3qhas7g2rsrwh4rlnlwr35ys84fblw6a-bash-interactive-5.2p26-info"
            },
            {
              "name": "dev",
              "path": "/nix/store/gxy65qx0lp0ra3gxzvpcc4bg6ssgjd95-bash-interactive-5.2p26-dev"
            },
            {
              "name": "doc",
              "path": "/nix/store/qqyiprzvjjzm3sb7wf9pmnl4fbshnwdd-bash-interactive-5.2p26-doc"
            }
          ],
          "store_path": "/nix/store/cmr9r8abam7njcwk2fglmal7db3wjav2-bash-interactive-5.2p26"
        },
        "aarch64-linux": {
          "outputs": [
            {
              "name": "out",
              "path": "/nix/store/w7fy8y8a296hi61nibl62xgnfwd2nfw5-bash-interactive-5.2p26",
              "default": true
            },
            {
              "name": "man",
              "path": "/nix/store/iyg9jq16fmxbg6cn3gfpnlw3fim3fcfr-bash-interactive-5.2p26-man",
              "default": true
            },
            {
              "name": "doc",
              "path": "/nix/store/6fmv6j42x29qfcf5sfja5fia7ckw798m-bash-interactive-5.2p26-doc"
            },
            {
              "name": "info",
              "path": "/nix/store/p1103pi3fwikxrcjvk2rar0mb16ghrk8-bash-interactive-5.2p26-info"
            },
            {
              "name": "debug",
              "path": "/nix/store/n4236fi8n8dkl2k9g6zd96ccsbpv3105-bash-interactive-5.2p26-debug"
            },
            {
              "name": "dev",
              "path": "/nix/store/rgyybz94083kfsg1ycb08asbiq0i51r7-bash-interactive-5.2p26-dev"
            }
          ],
          "store_path": "/nix/store/w7fy8y8a296hi61nibl62xgnfwd2nfw5-bash-interactive-5.2p26"
        },
        "x86_64-darwin": {
          "outputs": [
            {
              "name": "out",
              "path": "/nix/store/nz6hxh2378q92kngx3gli150ndv2b5w4-bash-interactive-5.2p26",
              "default": true
            },
            {
              "name": "man",
              "path": "/nix/store/klfhw0v97wp6s3sampgjfbvwkkag6y3j-bash-interactive-5.2p26-man",
              "default": true
            },
            {
              "name": "dev",
              "path": "/nix/store/837anv139r7nqghwkx72d2q50ngi8mq2-bash-interactive-5.2p26-dev"
            },
            {
              "name": "doc",
              "path": "/nix/store/jm56l165hr60vyxdyl8n7456d3vhqkhh-bash-interactive-5.2p26-doc"
            },
            {
              "name": "info",
              "path": "/nix/store/gyl0h1hhin8z2a9rn37w9ahgnwq217ac-bash-interactive-5.2p26-info"
            }
          ],
          "store_path": "/nix/store/nz6hxh2378q92kngx3gli150ndv2b5w4-bash-interactive-5.2p26"
        },
        "x86_64-linux": {
          "outputs": [
            {
              "name": "out",
              "path": "/nix/store/c481fhrvslr8nmhhlzdab3k7bpnhb46a-bash-interactive-5.2p26",
              "default": true
            },
            {
              "name": "man",
              "path": "/nix/store/nk7p38k2b7dhr61pag1b6cm44y6ss6m9-bash-interactive-5.2p26-man",
              "default": true
            },
            {
              "name": "debug",
              "path": "/nix/store/c7571ymp0pxrh9s5qwg71cif6aci4hnw-bash-interactive-5.2p26-debug"
            },
            {
              "name": "dev",
              "path": "/nix/store/rspr8ab4j4g6ka1a1a4v4nf2rs56ghgq-bash-interactive-5.2p26-dev"
            },
            {
              "name": "doc",
              "path": "/nix/store/5syxr9ynqj8pkcrfiwkrwpiag70vfj5j-bash-interactive-5.2p26-doc"
            },
            {
              "name": "info",
              "path": "/nix/store/z74zkrly6zpgh0sr2smd44pzmdzp3ic8-bash-interactive-5.2p26-info"
            }
          ],
          "store_path": "/nix/store/c481fhrvslr8nmhhlzdab3k7bpnhb46a-bash-interactive-5.2p26"
        }
      }
    },
    "curl@latest": {
      "last_modified": "2024-08-14T02:42:29Z",
      "resolved": "github:NixOS/nixpkgs/daf7bb95821b789db24fc1ac21f613db0c1bf2cb#curl",
      "source": "devbox-search",
      "version": "8.8.0",
      "systems": {
        "aarch64-darwin": {
          "outputs": [
            {
              "name": "bin",
              "path": "/nix/store/3a0wpz3jlr9k56znj1728djwzv0n4k5r-curl-8.8.0-bin",
              "default": true
            },
            {
              "name": "man",
              "path": "/nix/store/iq2i19aspbbvbys7xi91v4b00xb6nylm-curl-8.8.0-man",
              "default": true
            },
            {
              "name": "out",
              "path": "/nix/store/9v7hc5hm591539hlka47dj8ibjnbv0r2-curl-8.8.0"
            },
            {
              "name": "dev",
              "path": "/nix/store/l6h5s1l6y5x2gdsr2c0zd6ck901k72gm-curl-8.8.0-dev"
            },
            {
              "name": "devdoc",
              "path": "/nix/store/93kh2pnzwcq7bygnjs5i56ah4d7n0rbq-curl-8.8.0-devdoc"
            }
          ],
          "store_path": "/nix/store/3a0wpz3jlr9k56znj1728djwzv0n4k5r-curl-8.8.0-bin"
        },
        "aarch64-linux": {
          "outputs": [
            {
              "name": "bin",
              "path": "/nix/store/vw8il31201b00fwijj5dclrinpi371vb-curl-8.8.0-bin",
              "default": true
            },
            {
              "name": "man",
              "path": "/nix/store/7pbf28nmnbcdmaray4sr6l3gd28dyjyr-curl-8.8.0-man",
              "default": true
            },
            {
              "name": "debug",
              "path": "/nix/store/860q6cd8kzfm00rhs8k66znb2p6vygv6-curl-8.8.0-debug"
            },
            {
              "name": "dev",
              "path": "/nix/store/w7kxbfcb66d53jsnww0v7mmxx600pqvw-curl-8.8.0-dev"
            },
            {
              "name": "devdoc",
              "path": "/nix/store/7j1sym3l7wwldacpbfl7ni2i7mrvdlsj-curl-8.8.0-devdoc"
            },
            {
              "name": "out",
              "path": "/nix/store/lalbnj7315s73fxn9wpk3i2dg0pin6vw-curl-8.8.0"
            }
          ],
          "store_path": "/nix/store/vw8il31201b00fwijj5dclrinpi371vb-curl-8.8.0-bin"
        },
        "x86_64-darwin": {
          "outputs": [
            {
              "name": "bin",
              "path": "/nix/store/2241jrfkxw58c8857qk0ylryibxg1590-curl-8.8.0-bin",
              "default": true
            },
            {
              "name": "man",
              "path": "/nix/store/0rzdyiw6dkklx6jmwvzx9jxysvzjikd8-curl-8.8.0-man",
              "default": true
            },
            {
              "name": "out",
              "path": "/nix/store/ng16vcrzjd0p7lvlfyj6l94vwimykf1s-curl-8.8.0"
            },
            {
              "name": "dev",
              "path": "/nix/store/zxf340drqdn90a8sx8gdgx3ayf66s181-curl-8.8.0-dev"
            },
            {
              "name": "devdoc",
              "path": "/nix/store/0jinz0m7gb0zr95gbqbqw6zcv9s51626-curl-8.8.0-devdoc"
            }
          ],
          "store_path": "/nix/store/2241jrfkxw58c8857qk0ylryibxg1590-curl-8.8.0-bin"
        },
        "x86_64-linux": {
          "outputs": [
            {
              "name": "bin",
              "path": "/nix/store/g37vd707w8bdp919rdnwwld27wsmhqff-curl-8.8.0-bin",
              "default": true
            },
            {
              "name": "man",
              "path": "/nix/store/b4dcsaqi4rq412266xjgsdxhlz3j9j1l-curl-8.8.0-man",
              "default": true
            },
            {
              "name": "devdoc",
              "path": "/nix/store/8ir4cggnbannsvch97vhzlcm66ffn462-curl-8.8.0-devdoc"
            },
            {
              "name": "out",
              "path": "/nix/store/y6w7agm3aw5p96q7vsgzivba0dqq3rd0-curl-8.8.0"
            },
            {
              "name": "debug",
              "path": "/nix/store/dvhapczz22wvp0s9ac69qqqm6l8v812z-curl-8.8.0-debug"
            },
            {
              "name": "dev",
              "path": "/nix/store/k7dijz2bzra5m32cs1zf1kgpzxg08x90-curl-8.8.0-dev"
            }
          ],
          "store_path": "/nix/store/g37vd707w8bdp919rdnwwld27wsmhqff-curl-8.8.0-bin"
        }
      }
    },
    "delta@latest": {
      "last_modified": "2024-07-31T08:48:38Z",
      "resolved": "github:NixOS/nixpkgs/c3392ad349a5227f4a3464dce87bcc5046692fce#delta",
      "source": "devbox-search",
      "version": "0.17.0",
      "systems": {
        "aarch64-darwin": {
          "outputs": [
            {
              "name": "out",
              "path": "/nix/store/f8ilz4kbxqb7saw7cgs1xwzixrlx1bki-delta-0.17.0",
              "default": true
            }
          ],
          "store_path": "/nix/store/f8ilz4kbxqb7saw7cgs1xwzixrlx1bki-delta-0.17.0"
        },
        "aarch64-linux": {
          "outputs": [
            {
              "name": "out",
              "path": "/nix/store/bwjc4mb0fpqva156i3hz3cz0i2vdf4z6-delta-0.17.0",
              "default": true
            }
          ],
          "store_path": "/nix/store/bwjc4mb0fpqva156i3hz3cz0i2vdf4z6-delta-0.17.0"
        },
        "x86_64-darwin": {
          "outputs": [
            {
              "name": "out",
              "path": "/nix/store/wgd75p8nzp9k131av0kvdkbpd36qhrzr-delta-0.17.0",
              "default": true
            }
          ],
          "store_path": "/nix/store/wgd75p8nzp9k131av0kvdkbpd36qhrzr-delta-0.17.0"
        },
        "x86_64-linux": {
          "outputs": [
            {
              "name": "out",
              "path": "/nix/store/6bipvrfa9aq947zim1nbz6wqk17wk2qw-delta-0.17.0",
              "default": true
            }
          ],
          "store_path": "/nix/store/6bipvrfa9aq947zim1nbz6wqk17wk2qw-delta-0.17.0"
        }
      }
    },
    "docker@latest": {
      "last_modified": "2024-08-02T23:16:43Z",
      "resolved": "github:NixOS/nixpkgs/81610abc161d4021b29199aa464d6a1a521e0cc9#docker",
      "source": "devbox-search",
      "version": "27.1.1",
      "systems": {
        "aarch64-darwin": {
          "outputs": [
            {
              "name": "out",
              "path": "/nix/store/xgjg0ipam1ip5axyibnxhzbiwav8a6a9-docker-27.1.1",
              "default": true
            }
          ],
          "store_path": "/nix/store/xgjg0ipam1ip5axyibnxhzbiwav8a6a9-docker-27.1.1"
        },
        "aarch64-linux": {
          "outputs": [
            {
              "name": "out",
              "path": "/nix/store/zyi3pav0q8ipmyf4yfaddlg9nl8ch5h6-docker-27.1.1",
              "default": true
            }
          ],
          "store_path": "/nix/store/zyi3pav0q8ipmyf4yfaddlg9nl8ch5h6-docker-27.1.1"
        },
        "x86_64-darwin": {
          "outputs": [
            {
              "name": "out",
              "path": "/nix/store/wizhaqxp72lknykh76fy21h1n3p2m6ix-docker-27.1.1",
              "default": true
            }
          ],
          "store_path": "/nix/store/wizhaqxp72lknykh76fy21h1n3p2m6ix-docker-27.1.1"
        },
        "x86_64-linux": {
          "outputs": [
            {
              "name": "out",
              "path": "/nix/store/9yni3mkq3y3a001zfrw30sn5hn2nvggq-docker-27.1.1",
              "default": true
            }
          ],
          "store_path": "/nix/store/9yni3mkq3y3a001zfrw30sn5hn2nvggq-docker-27.1.1"
        }
      }
    },
    "fd@latest": {
      "last_modified": "2024-07-31T08:48:38Z",
      "resolved": "github:NixOS/nixpkgs/c3392ad349a5227f4a3464dce87bcc5046692fce#fd",
      "source": "devbox-search",
      "version": "10.1.0",
      "systems": {
        "aarch64-darwin": {
          "outputs": [
            {
              "name": "out",
              "path": "/nix/store/f2i8frh2913dhprmvy7nknh80lv2fhhd-fd-10.1.0",
              "default": true
            }
          ],
          "store_path": "/nix/store/f2i8frh2913dhprmvy7nknh80lv2fhhd-fd-10.1.0"
        },
        "aarch64-linux": {
          "outputs": [
            {
              "name": "out",
              "path": "/nix/store/l8li3w8jws2w9rgac57aphrqka900rcf-fd-10.1.0",
              "default": true
            }
          ],
          "store_path": "/nix/store/l8li3w8jws2w9rgac57aphrqka900rcf-fd-10.1.0"
        },
        "x86_64-darwin": {
          "outputs": [
            {
              "name": "out",
              "path": "/nix/store/0l0fbnsx4jrah0ymzp57db5q46qkc5mf-fd-10.1.0",
              "default": true
            }
          ],
          "store_path": "/nix/store/0l0fbnsx4jrah0ymzp57db5q46qkc5mf-fd-10.1.0"
        },
        "x86_64-linux": {
          "outputs": [
            {
              "name": "out",
              "path": "/nix/store/wm8q4bdq13sbmdx2s01bf2srq9skkp8c-fd-10.1.0",
              "default": true
            }
          ],
          "store_path": "/nix/store/wm8q4bdq13sbmdx2s01bf2srq9skkp8c-fd-10.1.0"
        }
      }
    },
    "fzf@latest": {
      "last_modified": "2024-08-01T02:09:53Z",
      "resolved": "github:NixOS/nixpkgs/799bc8d7b16e6779f0105713e6794899133c4a38#fzf",
      "source": "devbox-search",
      "version": "0.54.3",
      "systems": {
        "aarch64-darwin": {
          "outputs": [
            {
              "name": "out",
              "path": "/nix/store/7rxz1c43rviwm54z8rznhz6p536cixx3-fzf-0.54.3",
              "default": true
            },
            {
              "name": "man",
              "path": "/nix/store/zg596z7m6bgl466kvdyljkh3cds4lnfk-fzf-0.54.3-man",
              "default": true
            }
          ],
          "store_path": "/nix/store/7rxz1c43rviwm54z8rznhz6p536cixx3-fzf-0.54.3"
        },
        "aarch64-linux": {
          "outputs": [
            {
              "name": "out",
              "path": "/nix/store/dpw5xskcspzwbirh2qn6gcp3r8jhbmd7-fzf-0.54.3",
              "default": true
            },
            {
              "name": "man",
              "path": "/nix/store/0j6blwbkiljgiiyb91nnj34bz27cipsi-fzf-0.54.3-man",
              "default": true
            }
          ],
          "store_path": "/nix/store/dpw5xskcspzwbirh2qn6gcp3r8jhbmd7-fzf-0.54.3"
        },
        "x86_64-darwin": {
          "outputs": [
            {
              "name": "out",
              "path": "/nix/store/sahjwabzhhd5a2qyx6ipf9hnf267p26x-fzf-0.54.3",
              "default": true
            },
            {
              "name": "man",
              "path": "/nix/store/n2mpzy6qrq8nr41qrxq5q3vkplsxix07-fzf-0.54.3-man",
              "default": true
            }
          ],
          "store_path": "/nix/store/sahjwabzhhd5a2qyx6ipf9hnf267p26x-fzf-0.54.3"
        },
        "x86_64-linux": {
          "outputs": [
            {
              "name": "out",
              "path": "/nix/store/wci1c3cqh2r74w6cwlr4m6g1db4awibg-fzf-0.54.3",
              "default": true
            },
            {
              "name": "man",
              "path": "/nix/store/jialyy3h9ziyp8gm86pwb9k8ji0a0207-fzf-0.54.3-man",
              "default": true
            }
          ],
          "store_path": "/nix/store/wci1c3cqh2r74w6cwlr4m6g1db4awibg-fzf-0.54.3"
        }
      }
    },
    "git@latest": {
      "last_modified": "2024-08-10T20:11:49Z",
      "resolved": "github:NixOS/nixpkgs/e1d92cda6fd1bcec60e4938ce92fcee619eea793#git",
      "source": "devbox-search",
      "version": "2.45.2",
      "systems": {
        "aarch64-darwin": {
          "outputs": [
            {
              "name": "out",
              "path": "/nix/store/x40bf8i3vwwjaxgm423f6b6rcy4qm5m3-git-2.45.2",
              "default": true
            },
            {
              "name": "doc",
              "path": "/nix/store/y1gby0cqi1rfcpw96599ilz4awr66d8l-git-2.45.2-doc"
            }
          ],
          "store_path": "/nix/store/x40bf8i3vwwjaxgm423f6b6rcy4qm5m3-git-2.45.2"
        },
        "aarch64-linux": {
          "outputs": [
            {
              "name": "out",
              "path": "/nix/store/73qc51sx4352lj7s16pxpbrans5q0vv4-git-2.45.2",
              "default": true
            },
            {
              "name": "debug",
              "path": "/nix/store/9n07a8n5pr4l8n4yqadf28qdhli50rw8-git-2.45.2-debug"
            },
            {
              "name": "doc",
              "path": "/nix/store/j2m7gk657zywrvz3w1vd0mz4crbs7i97-git-2.45.2-doc"
            }
          ],
          "store_path": "/nix/store/73qc51sx4352lj7s16pxpbrans5q0vv4-git-2.45.2"
        },
        "x86_64-darwin": {
          "outputs": [
            {
              "name": "out",
              "path": "/nix/store/wxz5l3p62yzfg8ym2w10qf46v4j1d9bb-git-2.45.2",
              "default": true
            },
            {
              "name": "doc",
              "path": "/nix/store/2l9ycdxdz9f8f4zyrgwfgzaw8if0z743-git-2.45.2-doc"
            }
          ],
          "store_path": "/nix/store/wxz5l3p62yzfg8ym2w10qf46v4j1d9bb-git-2.45.2"
        },
        "x86_64-linux": {
          "outputs": [
            {
              "name": "out",
              "path": "/nix/store/zlkbk9a9l6jw9ghaknlyk6l73q263m44-git-2.45.2",
              "default": true
            },
            {
              "name": "debug",
              "path": "/nix/store/3f2r8s83z5m6mvhysmb0q8ni664xnjfm-git-2.45.2-debug"
            },
            {
              "name": "doc",
              "path": "/nix/store/ardp2nl3vylv67x5m2kg3xsvci1hc7kl-git-2.45.2-doc"
            }
          ],
          "store_path": "/nix/store/zlkbk9a9l6jw9ghaknlyk6l73q263m44-git-2.45.2"
        }
      }
    },
    "lazydocker@latest": {
      "last_modified": "2024-07-31T08:48:38Z",
      "resolved": "github:NixOS/nixpkgs/c3392ad349a5227f4a3464dce87bcc5046692fce#lazydocker",
      "source": "devbox-search",
      "version": "0.23.3",
      "systems": {
        "aarch64-darwin": {
          "outputs": [
            {
              "name": "out",
              "path": "/nix/store/9r5b6sx4lginka5a318xa8jmnp5slrrx-lazydocker-0.23.3",
              "default": true
            }
          ],
          "store_path": "/nix/store/9r5b6sx4lginka5a318xa8jmnp5slrrx-lazydocker-0.23.3"
        },
        "aarch64-linux": {
          "outputs": [
            {
              "name": "out",
              "path": "/nix/store/314v6i6pqxif7n0zy34m04iifdimfjk9-lazydocker-0.23.3",
              "default": true
            }
          ],
          "store_path": "/nix/store/314v6i6pqxif7n0zy34m04iifdimfjk9-lazydocker-0.23.3"
        },
        "x86_64-darwin": {
          "outputs": [
            {
              "name": "out",
              "path": "/nix/store/9gidsimhcdnc5z06k882z6ycqn1d6183-lazydocker-0.23.3",
              "default": true
            }
          ],
          "store_path": "/nix/store/9gidsimhcdnc5z06k882z6ycqn1d6183-lazydocker-0.23.3"
        },
        "x86_64-linux": {
          "outputs": [
            {
              "name": "out",
              "path": "/nix/store/mlml8598w69iffgkajciqrm7z9cybh9a-lazydocker-0.23.3",
              "default": true
            }
          ],
          "store_path": "/nix/store/mlml8598w69iffgkajciqrm7z9cybh9a-lazydocker-0.23.3"
        }
      }
    },
    "lazygit@latest": {
      "last_modified": "2024-07-31T08:48:38Z",
      "resolved": "github:NixOS/nixpkgs/c3392ad349a5227f4a3464dce87bcc5046692fce#lazygit",
      "source": "devbox-search",
      "version": "0.43.1",
      "systems": {
        "aarch64-darwin": {
          "outputs": [
            {
              "name": "out",
              "path": "/nix/store/zrhk5rndciiy0bzxh2iicd7hvg49c5w0-lazygit-0.43.1",
              "default": true
            }
          ],
          "store_path": "/nix/store/zrhk5rndciiy0bzxh2iicd7hvg49c5w0-lazygit-0.43.1"
        },
        "aarch64-linux": {
          "outputs": [
            {
              "name": "out",
              "path": "/nix/store/y9x0fcya05sicw29ci61hj0h3xah3xpp-lazygit-0.43.1",
              "default": true
            }
          ],
          "store_path": "/nix/store/y9x0fcya05sicw29ci61hj0h3xah3xpp-lazygit-0.43.1"
        },
        "x86_64-darwin": {
          "outputs": [
            {
              "name": "out",
              "path": "/nix/store/5zx3gs6lf5jrxhcsjy4xzs8bdrp1agf3-lazygit-0.43.1",
              "default": true
            }
          ],
          "store_path": "/nix/store/5zx3gs6lf5jrxhcsjy4xzs8bdrp1agf3-lazygit-0.43.1"
        },
        "x86_64-linux": {
          "outputs": [
            {
              "name": "out",
              "path": "/nix/store/2bym2pvihr1aq3f2kgjq2vd4wrxxj9nm-lazygit-0.43.1",
              "default": true
            }
          ],
          "store_path": "/nix/store/2bym2pvihr1aq3f2kgjq2vd4wrxxj9nm-lazygit-0.43.1"
        }
      }
    },
    "less@latest": {
      "last_modified": "2024-07-31T08:48:38Z",
      "resolved": "github:NixOS/nixpkgs/c3392ad349a5227f4a3464dce87bcc5046692fce#less",
      "source": "devbox-search",
      "version": "661",
      "systems": {
        "aarch64-darwin": {
          "outputs": [
            {
              "name": "out",
              "path": "/nix/store/849pi1yljd18zkr8z894xnqyk993s585-less-661",
              "default": true
            },
            {
              "name": "man",
              "path": "/nix/store/7knv1yz1fx91d47qj8lzd7gnvqnw6c4w-less-661-man",
              "default": true
            }
          ],
          "store_path": "/nix/store/849pi1yljd18zkr8z894xnqyk993s585-less-661"
        },
        "aarch64-linux": {
          "outputs": [
            {
              "name": "out",
              "path": "/nix/store/iqdr3pkdgl9phlp45b8hy717l1y6sqvb-less-661",
              "default": true
            },
            {
              "name": "man",
              "path": "/nix/store/hs7spwlr9pvpa3i406i1k1lhb6snfjdl-less-661-man",
              "default": true
            }
          ],
          "store_path": "/nix/store/iqdr3pkdgl9phlp45b8hy717l1y6sqvb-less-661"
        },
        "x86_64-darwin": {
          "outputs": [
            {
              "name": "out",
              "path": "/nix/store/z6im9y2vb008366ywj5z9ih4iikmagnl-less-661",
              "default": true
            },
            {
              "name": "man",
              "path": "/nix/store/dh98xw8x6bbrd43gwhis1pddajxjsz3l-less-661-man",
              "default": true
            }
          ],
          "store_path": "/nix/store/z6im9y2vb008366ywj5z9ih4iikmagnl-less-661"
        },
        "x86_64-linux": {
          "outputs": [
            {
              "name": "out",
              "path": "/nix/store/zr81gy0p9xmk0la0fq4j73jwyxpapxac-less-661",
              "default": true
            },
            {
              "name": "man",
              "path": "/nix/store/wx75dl3v5wlvm4qlr8fsfipcf343qcam-less-661-man",
              "default": true
            }
          ],
          "store_path": "/nix/store/zr81gy0p9xmk0la0fq4j73jwyxpapxac-less-661"
        }
      }
    },
    "lesspipe@latest": {
      "last_modified": "2024-07-31T08:48:38Z",
      "resolved": "github:NixOS/nixpkgs/c3392ad349a5227f4a3464dce87bcc5046692fce#lesspipe",
      "source": "devbox-search",
      "version": "2.11",
      "systems": {
        "aarch64-darwin": {
          "outputs": [
            {
              "name": "out",
              "path": "/nix/store/0qa3z4rdxggbs9khlr4493bgl56pz104-lesspipe-2.11",
              "default": true
            }
          ],
          "store_path": "/nix/store/0qa3z4rdxggbs9khlr4493bgl56pz104-lesspipe-2.11"
        },
        "aarch64-linux": {
          "outputs": [
            {
              "name": "out",
              "path": "/nix/store/h31s9aq0kdwvkhxy8yfr70air5c7w9xc-lesspipe-2.11",
              "default": true
            }
          ],
          "store_path": "/nix/store/h31s9aq0kdwvkhxy8yfr70air5c7w9xc-lesspipe-2.11"
        },
        "x86_64-darwin": {
          "outputs": [
            {
              "name": "out",
              "path": "/nix/store/3w0rdqc9z07g138nj6y3510ini2p8sc5-lesspipe-2.11",
              "default": true
            }
          ],
          "store_path": "/nix/store/3w0rdqc9z07g138nj6y3510ini2p8sc5-lesspipe-2.11"
        },
        "x86_64-linux": {
          "outputs": [
            {
              "name": "out",
              "path": "/nix/store/cdals4af6161a6n16nz5ygjwfar30hbj-lesspipe-2.11",
              "default": true
            }
          ],
          "store_path": "/nix/store/cdals4af6161a6n16nz5ygjwfar30hbj-lesspipe-2.11"
        }
      }
    },
    "micromamba@latest": {
      "last_modified": "2024-08-01T02:09:53Z",
      "resolved": "github:NixOS/nixpkgs/799bc8d7b16e6779f0105713e6794899133c4a38#micromamba",
      "source": "devbox-search",
      "version": "1.5.8",
      "systems": {
        "aarch64-darwin": {
          "outputs": [
            {
              "name": "out",
              "path": "/nix/store/rlk0j15g08b8y6m8jbnvgbszbzymni1j-micromamba-1.5.8",
              "default": true
            }
          ],
          "store_path": "/nix/store/rlk0j15g08b8y6m8jbnvgbszbzymni1j-micromamba-1.5.8"
        },
        "aarch64-linux": {
          "outputs": [
            {
              "name": "out",
              "path": "/nix/store/80pl4hvrirdam4g4y39dv1plw9q6kf95-micromamba-1.5.8",
              "default": true
            }
          ],
          "store_path": "/nix/store/80pl4hvrirdam4g4y39dv1plw9q6kf95-micromamba-1.5.8"
        },
        "x86_64-darwin": {
          "outputs": [
            {
              "name": "out",
              "path": "/nix/store/dwdf4b83y1mmb72rcxqvprkwl9jzlavf-micromamba-1.5.8",
              "default": true
            }
          ],
          "store_path": "/nix/store/dwdf4b83y1mmb72rcxqvprkwl9jzlavf-micromamba-1.5.8"
        },
        "x86_64-linux": {
          "outputs": [
            {
              "name": "out",
              "path": "/nix/store/r1plwg6vi3mc5v8m75dk1llj8244j5yz-micromamba-1.5.8",
              "default": true
            }
          ],
          "store_path": "/nix/store/r1plwg6vi3mc5v8m75dk1llj8244j5yz-micromamba-1.5.8"
        }
      }
    },
    "ncdu@latest": {
      "last_modified": "2024-07-31T08:48:38Z",
      "resolved": "github:NixOS/nixpkgs/c3392ad349a5227f4a3464dce87bcc5046692fce#ncdu",
      "source": "devbox-search",
      "version": "2.5",
      "systems": {
        "aarch64-darwin": {
          "outputs": [
            {
              "name": "out",
              "path": "/nix/store/lilck45v0d8i22sdq04gvykzcx7dwm5y-ncdu-2.5",
              "default": true
            }
          ],
          "store_path": "/nix/store/lilck45v0d8i22sdq04gvykzcx7dwm5y-ncdu-2.5"
        },
        "aarch64-linux": {
          "outputs": [
            {
              "name": "out",
              "path": "/nix/store/ih585fxkwfdvhliz8zvw2xqx2kdhz8lr-ncdu-2.5",
              "default": true
            }
          ],
          "store_path": "/nix/store/ih585fxkwfdvhliz8zvw2xqx2kdhz8lr-ncdu-2.5"
        },
        "x86_64-darwin": {
          "outputs": [
            {
              "name": "out",
              "path": "/nix/store/qyp5hwq6zj7vaxyjm1ff504r7cw72llf-ncdu-2.5",
              "default": true
            }
          ],
          "store_path": "/nix/store/qyp5hwq6zj7vaxyjm1ff504r7cw72llf-ncdu-2.5"
        },
        "x86_64-linux": {
          "outputs": [
            {
              "name": "out",
              "path": "/nix/store/0bff4dlrnc43h7y69iyfbf302w86l3ys-ncdu-2.5",
              "default": true
            }
          ],
          "store_path": "/nix/store/0bff4dlrnc43h7y69iyfbf302w86l3ys-ncdu-2.5"
        }
      }
    },
    "neovim@latest": {
      "last_modified": "2024-08-13T00:39:45Z",
      "resolved": "github:NixOS/nixpkgs/60dfaff009e440faefbaeb20d8dda3239ba4a439#neovim",
      "source": "devbox-search",
      "version": "0.10.1",
      "systems": {
        "aarch64-darwin": {
          "outputs": [
            {
              "name": "out",
              "path": "/nix/store/0z3m57jdn0z7smhhwggyfhv3i8r39inj-neovim-0.10.1",
              "default": true
            }
          ],
          "store_path": "/nix/store/0z3m57jdn0z7smhhwggyfhv3i8r39inj-neovim-0.10.1"
        },
        "aarch64-linux": {
          "outputs": [
            {
              "name": "out",
              "path": "/nix/store/w2lf4hz3f8xcrxqf79iggs0x94rz66vv-neovim-0.10.1",
              "default": true
            }
          ],
          "store_path": "/nix/store/w2lf4hz3f8xcrxqf79iggs0x94rz66vv-neovim-0.10.1"
        },
        "x86_64-darwin": {
          "outputs": [
            {
              "name": "out",
              "path": "/nix/store/p985412yyaghjzv45nwpcfa81irwngfd-neovim-0.10.1",
              "default": true
            }
          ],
          "store_path": "/nix/store/p985412yyaghjzv45nwpcfa81irwngfd-neovim-0.10.1"
        },
        "x86_64-linux": {
          "outputs": [
            {
              "name": "out",
              "path": "/nix/store/86bz59svqa1s67x3hgn6yr73zlds9w34-neovim-0.10.1",
              "default": true
            }
          ],
          "store_path": "/nix/store/86bz59svqa1s67x3hgn6yr73zlds9w34-neovim-0.10.1"
        }
      }
    },
    "nix-ld@latest": {
      "last_modified": "2024-07-31T08:48:38Z",
      "resolved": "github:NixOS/nixpkgs/c3392ad349a5227f4a3464dce87bcc5046692fce#nix-ld",
      "source": "devbox-search",
      "version": "1.2.3",
      "systems": {
        "aarch64-linux": {
          "outputs": [
            {
              "name": "out",
              "path": "/nix/store/n645l3zdzrgd8zsdfj5iy8xn25qvmw4h-nix-ld-1.2.3",
              "default": true
            }
          ],
          "store_path": "/nix/store/n645l3zdzrgd8zsdfj5iy8xn25qvmw4h-nix-ld-1.2.3"
        },
        "x86_64-linux": {
          "outputs": [
            {
              "name": "out",
              "path": "/nix/store/p9r34j4q5vf5qd28xidqwm1kvfql1dkp-nix-ld-1.2.3",
              "default": true
            }
          ],
          "store_path": "/nix/store/p9r34j4q5vf5qd28xidqwm1kvfql1dkp-nix-ld-1.2.3"
        }
      }
    },
    "python312Packages.tkinter@latest": {
      "last_modified": "2024-07-31T08:48:38Z",
      "resolved": "github:NixOS/nixpkgs/c3392ad349a5227f4a3464dce87bcc5046692fce#python312Packages.tkinter",
      "source": "devbox-search",
      "version": "3.12.4",
      "systems": {
        "aarch64-darwin": {
          "outputs": [
            {
              "name": "out",
              "path": "/nix/store/9wj92algsc1vsqhjvb7vjcrplhl2rgwj-python3.12-tkinter-3.12.4",
              "default": true
            }
          ],
          "store_path": "/nix/store/9wj92algsc1vsqhjvb7vjcrplhl2rgwj-python3.12-tkinter-3.12.4"
        },
        "aarch64-linux": {
          "outputs": [
            {
              "name": "out",
              "path": "/nix/store/za641q72q34rv4l3vykdwqigs1zzka78-python3.12-tkinter-3.12.4",
              "default": true
            }
          ],
          "store_path": "/nix/store/za641q72q34rv4l3vykdwqigs1zzka78-python3.12-tkinter-3.12.4"
        },
        "x86_64-darwin": {
          "outputs": [
            {
              "name": "out",
              "path": "/nix/store/489qxxrv8jnnjvkd90449mx8hy3iq5km-python3.12-tkinter-3.12.4",
              "default": true
            }
          ],
          "store_path": "/nix/store/489qxxrv8jnnjvkd90449mx8hy3iq5km-python3.12-tkinter-3.12.4"
        },
        "x86_64-linux": {
          "outputs": [
            {
              "name": "out",
              "path": "/nix/store/7iml192xv381an06ms9chgh5ppqcfj8y-python3.12-tkinter-3.12.4",
              "default": true
            }
          ],
          "store_path": "/nix/store/7iml192xv381an06ms9chgh5ppqcfj8y-python3.12-tkinter-3.12.4"
        }
      }
    },
    "python@3.12": {
      "last_modified": "2024-07-31T08:48:38Z",
      "plugin_version": "0.0.3",
      "resolved": "github:NixOS/nixpkgs/c3392ad349a5227f4a3464dce87bcc5046692fce#python3",
      "source": "devbox-search",
      "version": "3.12.4",
      "systems": {
        "aarch64-darwin": {
          "outputs": [
            {
              "name": "out",
              "path": "/nix/store/1sgajx2r3bkriyxzwsahhva63p08pmac-python3-3.12.4",
              "default": true
            }
          ],
          "store_path": "/nix/store/1sgajx2r3bkriyxzwsahhva63p08pmac-python3-3.12.4"
        },
        "aarch64-linux": {
          "outputs": [
            {
              "name": "out",
              "path": "/nix/store/jms4z7lzzwnv6gv3y0795365haicmh8m-python3-3.12.4",
              "default": true
            },
            {
              "name": "debug",
              "path": "/nix/store/rshmxwibmxqvf94w3ld05yqnsijrmk4m-python3-3.12.4-debug"
            }
          ],
          "store_path": "/nix/store/jms4z7lzzwnv6gv3y0795365haicmh8m-python3-3.12.4"
        },
        "x86_64-darwin": {
          "outputs": [
            {
              "name": "out",
              "path": "/nix/store/dh1i1387ibdzw0ala5rkl3s3ylf8i8pa-python3-3.12.4",
              "default": true
            }
          ],
          "store_path": "/nix/store/dh1i1387ibdzw0ala5rkl3s3ylf8i8pa-python3-3.12.4"
        },
        "x86_64-linux": {
          "outputs": [
            {
              "name": "out",
              "path": "/nix/store/l014xp1qxdl6gim3zc0jv3mpxhbp346s-python3-3.12.4",
              "default": true
            },
            {
              "name": "debug",
              "path": "/nix/store/myg0p2vf2cj2jsb663qswnygvgn54kbc-python3-3.12.4-debug"
            }
          ],
          "store_path": "/nix/store/l014xp1qxdl6gim3zc0jv3mpxhbp346s-python3-3.12.4"
        }
      }
    },
    "readline@latest": {
      "last_modified": "2024-08-07T08:32:40Z",
      "resolved": "github:NixOS/nixpkgs/f5129fb42b9c262318130a97b47516946da3e7d7#readline",
      "source": "devbox-search",
      "version": "8.2p10",
      "systems": {
        "aarch64-darwin": {
          "outputs": [
            {
              "name": "out",
              "path": "/nix/store/89710jwgmmhcx6n5g06nvc7c3b37xm63-readline-8.2p10",
              "default": true
            },
            {
              "name": "man",
              "path": "/nix/store/g8rj81f15a88r234ic4xrja254h0p0sx-readline-8.2p10-man",
              "default": true
            },
            {
              "name": "doc",
              "path": "/nix/store/5afnpnghxj6bkvnip7dmcx4qfshcnv2s-readline-8.2p10-doc"
            },
            {
              "name": "info",
              "path": "/nix/store/64sqdd865hwymcxniagxvq6kgq31nmgl-readline-8.2p10-info"
            },
            {
              "name": "dev",
              "path": "/nix/store/1gxy0l4hwn10gs7nw5d1v7zrwza53n1v-readline-8.2p10-dev"
            }
          ],
          "store_path": "/nix/store/89710jwgmmhcx6n5g06nvc7c3b37xm63-readline-8.2p10"
        },
        "aarch64-linux": {
          "outputs": [
            {
              "name": "out",
              "path": "/nix/store/divl3nsqgywd92wr6q2wcx6zx5qq3q6d-readline-8.2p10",
              "default": true
            },
            {
              "name": "man",
              "path": "/nix/store/41czbqal9x7y3p7xi17k07s5wfgm0jm4-readline-8.2p10-man",
              "default": true
            },
            {
              "name": "dev",
              "path": "/nix/store/fm7q0pgs2d04pjkcjc6kx7d6r0hykr4b-readline-8.2p10-dev"
            },
            {
              "name": "doc",
              "path": "/nix/store/7giyj8r4dhiw10gbmlv3jqmyldkfd8zk-readline-8.2p10-doc"
            },
            {
              "name": "info",
              "path": "/nix/store/jnqz2kp3ggycwq2br1319pdlkskzng5l-readline-8.2p10-info"
            }
          ],
          "store_path": "/nix/store/divl3nsqgywd92wr6q2wcx6zx5qq3q6d-readline-8.2p10"
        },
        "x86_64-darwin": {
          "outputs": [
            {
              "name": "out",
              "path": "/nix/store/y71mbj5qp6wfbm6plrrksyrk3mdl7rm9-readline-8.2p10",
              "default": true
            },
            {
              "name": "man",
              "path": "/nix/store/byx661f1mc5b4j397ma1grh5ry09zp3q-readline-8.2p10-man",
              "default": true
            },
            {
              "name": "dev",
              "path": "/nix/store/gv77ifmdfm49z2w2xs3v784lkwpfbigr-readline-8.2p10-dev"
            },
            {
              "name": "doc",
              "path": "/nix/store/9y2fzgrkl5jyaj9lz4cdba7v62q9xaz1-readline-8.2p10-doc"
            },
            {
              "name": "info",
              "path": "/nix/store/k27hn0vk3ms6i0lm3snmx38lfr4xx93l-readline-8.2p10-info"
            }
          ],
          "store_path": "/nix/store/y71mbj5qp6wfbm6plrrksyrk3mdl7rm9-readline-8.2p10"
        },
        "x86_64-linux": {
          "outputs": [
            {
              "name": "out",
              "path": "/nix/store/pblnj1749yp6wz28spkg0p774v0asfp0-readline-8.2p10",
              "default": true
            },
            {
              "name": "man",
              "path": "/nix/store/ppph15jy9dsfg1q0rjrb9r9ib4n4a340-readline-8.2p10-man",
              "default": true
            },
            {
              "name": "dev",
              "path": "/nix/store/5lzfpkb9mawa60qddfp52ibp5l5zn3x2-readline-8.2p10-dev"
            },
            {
              "name": "doc",
              "path": "/nix/store/zi8h3sij08bxfl752xksq70wf9swmlbs-readline-8.2p10-doc"
            },
            {
              "name": "info",
              "path": "/nix/store/z7f8amqn6vr2k3rwhgxd2mabd08rcvms-readline-8.2p10-info"
            }
          ],
          "store_path": "/nix/store/pblnj1749yp6wz28spkg0p774v0asfp0-readline-8.2p10"
        }
      }
    },
    "ripgrep@latest": {
      "last_modified": "2024-07-31T08:48:38Z",
      "resolved": "github:NixOS/nixpkgs/c3392ad349a5227f4a3464dce87bcc5046692fce#ripgrep",
      "source": "devbox-search",
      "version": "14.1.0",
      "systems": {
        "aarch64-darwin": {
          "outputs": [
            {
              "name": "out",
              "path": "/nix/store/ci25psqyv409fcigp56b4rx46dl6b68g-ripgrep-14.1.0",
              "default": true
            }
          ],
          "store_path": "/nix/store/ci25psqyv409fcigp56b4rx46dl6b68g-ripgrep-14.1.0"
        },
        "aarch64-linux": {
          "outputs": [
            {
              "name": "out",
              "path": "/nix/store/a7af3x410sns11jhl5hnxcas1ng0v2a6-ripgrep-14.1.0",
              "default": true
            }
          ],
          "store_path": "/nix/store/a7af3x410sns11jhl5hnxcas1ng0v2a6-ripgrep-14.1.0"
        },
        "x86_64-darwin": {
          "outputs": [
            {
              "name": "out",
              "path": "/nix/store/fg4i9q627y32x0bqffnlabm4aikhih00-ripgrep-14.1.0",
              "default": true
            }
          ],
          "store_path": "/nix/store/fg4i9q627y32x0bqffnlabm4aikhih00-ripgrep-14.1.0"
        },
        "x86_64-linux": {
          "outputs": [
            {
              "name": "out",
              "path": "/nix/store/whf1h65d54m8m6ws4sly5sqp0nz61zam-ripgrep-14.1.0",
              "default": true
            }
          ],
          "store_path": "/nix/store/whf1h65d54m8m6ws4sly5sqp0nz61zam-ripgrep-14.1.0"
        }
      }
    },
    "stdenv.cc.cc.lib": {
      "resolved": "github:NixOS/nixpkgs/75a52265bda7fd25e06e3a67dee3f0354e73243c#stdenv.cc.cc.lib",
      "source": "nixpkg",
      "systems": {
        "x86_64-darwin": {
          "outputs": [
            {
              "name": "lib",
              "path": "/nix/store/93lkm2jx7545ghi9wwydxwigqb27zvkv-clang-11.1.0-lib",
              "default": true
            }
          ]
        }
      }
    },
    "uv@latest": {
      "last_modified": "2024-07-31T08:48:38Z",
      "resolved": "github:NixOS/nixpkgs/c3392ad349a5227f4a3464dce87bcc5046692fce#uv",
      "source": "devbox-search",
      "version": "0.2.27",
      "systems": {
        "aarch64-darwin": {
          "outputs": [
            {
              "name": "out",
              "path": "/nix/store/606faghvwqx0l80fa649hlrpwpirf9gp-uv-0.2.27",
              "default": true
            },
            {
              "name": "dist",
              "path": "/nix/store/8kf4kim9945frzzkjp7cpsm09fr3d6dp-uv-0.2.27-dist"
            }
          ],
          "store_path": "/nix/store/606faghvwqx0l80fa649hlrpwpirf9gp-uv-0.2.27"
        },
        "aarch64-linux": {
          "outputs": [
            {
              "name": "out",
              "path": "/nix/store/633h63s0lqjfrzh7cpy4yamx72igy5w1-uv-0.2.27",
              "default": true
            },
            {
              "name": "dist",
              "path": "/nix/store/s3d2vr586a9zjd01fqkcpd6s0zyqb79k-uv-0.2.27-dist"
            }
          ],
          "store_path": "/nix/store/633h63s0lqjfrzh7cpy4yamx72igy5w1-uv-0.2.27"
        },
        "x86_64-darwin": {
          "outputs": [
            {
              "name": "out",
              "path": "/nix/store/g1r9sdp9gc14q0w7mkwhc8nilxak687d-uv-0.2.27",
              "default": true
            },
            {
              "name": "dist",
              "path": "/nix/store/yf5m82isxc1vbsa8899s6xpsald3jrp0-uv-0.2.27-dist"
            }
          ],
          "store_path": "/nix/store/g1r9sdp9gc14q0w7mkwhc8nilxak687d-uv-0.2.27"
        },
        "x86_64-linux": {
          "outputs": [
            {
              "name": "out",
              "path": "/nix/store/2gv9l9nm38dhniynb3mm1s41yqxh4p2c-uv-0.2.27",
              "default": true
            },
            {
              "name": "dist",
              "path": "/nix/store/71fgdh87q2g1z967453pz33m9ykzplzk-uv-0.2.27-dist"
            }
          ],
          "store_path": "/nix/store/2gv9l9nm38dhniynb3mm1s41yqxh4p2c-uv-0.2.27"
        }
      }
    },
    "which@latest": {
      "last_modified": "2024-07-31T08:48:38Z",
      "resolved": "github:NixOS/nixpkgs/c3392ad349a5227f4a3464dce87bcc5046692fce#which",
      "source": "devbox-search",
      "version": "2.21",
      "systems": {
        "aarch64-darwin": {
          "outputs": [
            {
              "name": "out",
              "path": "/nix/store/ghsv4i7adj4bys0a232c41amjl0n5a7n-which-2.21",
              "default": true
            }
          ],
          "store_path": "/nix/store/ghsv4i7adj4bys0a232c41amjl0n5a7n-which-2.21"
        },
        "aarch64-linux": {
          "outputs": [
            {
              "name": "out",
              "path": "/nix/store/1x0yih053iq1m4ckn62nnim366n50m3f-which-2.21",
              "default": true
            }
          ],
          "store_path": "/nix/store/1x0yih053iq1m4ckn62nnim366n50m3f-which-2.21"
        },
        "x86_64-darwin": {
          "outputs": [
            {
              "name": "out",
              "path": "/nix/store/wlmysyfiw68qgrqvbq5n0g5zm0cm915f-which-2.21",
              "default": true
            }
          ],
          "store_path": "/nix/store/wlmysyfiw68qgrqvbq5n0g5zm0cm915f-which-2.21"
        },
        "x86_64-linux": {
          "outputs": [
            {
              "name": "out",
              "path": "/nix/store/w40ik54r0nv4fjqwiqs81ixpmdf2xdfw-which-2.21",
              "default": true
            }
          ],
          "store_path": "/nix/store/w40ik54r0nv4fjqwiqs81ixpmdf2xdfw-which-2.21"
        }
      }
    }
  }
}
